hash: 5b7d16523826036483a07462ecff6189511bcf36cd1ca79b93622b7e5f00f0d6
updated: 2016-05-21T14:48:18.485105889-07:00
imports:
- name: github.com/arschles/assert
  version: d21ecd4884be33397d1298c3738b2b4937c7f499
- name: github.com/arschles/flexwork
  version: 0b264fa9f74aa4ce8fbfcf542742d16250cebdc9
  subpackages:
  - tpl
- name: github.com/kelseyhightower/envconfig
  version: cea086319492c3940683ea5e122aa5de70a33923
- name: github.com/minio/minio-go
  version: 7aabbfe78ae19643a0f3bb4a719caebf9b5cb91a
devImports: []
