hash: 45dc2f2ebf5d4f1cb6d69444bc625182e64267b7358c30f995c025b69e1ad0f2
updated: 2016-05-17T21:15:07.501522057-07:00
imports:
- name: github.com/arschles/assert
  version: 5c22e2eba944d89ddd5c81b2c4175e64ee828503
- name: github.com/arschles/flexwork
  version: 522b48c1b33d3f9baec3936aa64af4bd6da39c29
- name: github.com/arschles/goprox
  version: da6a6b7ff5a50da0efdb453127a92f461baa5c43
  subpackages:
  - config
  - handlers
  - githttp
  - storage
- name: github.com/kelseyhightower/envconfig
  version: 91921eb4cf999321cdbeebdba5a03555800d493b
- name: github.com/minio/minio-go
  version: a0a13a2873c249ca89c7b6a0df2ff041577e1bac
devImports: []
